
Microsoft Visual Studio Solution File, Format Version 12.00
# Visual Studio Version 16
VisualStudioVersion = 16.0.31729.503
MinimumVisualStudioVersion = 10.0.40219.1
Project("{FAE04EC0-301F-11D3-BF4B-00C04F79EFBC}") = "ConsoleApp1", "ConsoleApp1\ConsoleApp1.csproj", "{1AAD6F16-64E6-4AB1-87D4-36BEB071474A}"
EndProject
Global
	GlobalSection(SolutionConfigurationPlatforms) = preSolution
		Debug|Any CPU = Debug|Any CPU
		Release|Any CPU = Release|Any CPU
	EndGlobalSection
	GlobalSection(ProjectConfigurationPlatforms) = postSolution
		{1AAD6F16-64E6-4AB1-87D4-36BEB071474A}.Debug|Any CPU.ActiveCfg = Debug|Any CPU
		{1AAD6F16-64E6-4AB1-87D4-36BEB071474A}.Debug|Any CPU.Build.0 = Debug|Any CPU
		{1AAD6F16-64E6-4AB1-87D4-36BEB071474A}.Release|Any CPU.ActiveCfg = Release|Any CPU
		{1AAD6F16-64E6-4AB1-87D4-36BEB071474A}.Release|Any CPU.Build.0 = Release|Any CPU
	EndGlobalSection
	GlobalSection(SolutionProperties) = preSolution
		HideSolutionNode = FALSE
	EndGlobalSection
	GlobalSection(ExtensibilityGlobals) = postSolution
		SolutionGuid = {523BE45F-BFA5-439C-9A65-AEFBE3BD54D3}
	EndGlobalSection
EndGlobal
